
Microsoft Visual Studio Solution File, Format Version 12.00
Project("{FAE04EC0-301F-11D3-BF4B-00C04F79EFBC}") = "Wayn.Games.Locomotion.SourceGen", "Wayn.Games.Locomotion.SourceGen\Wayn.Games.Locomotion.SourceGen\Wayn.Games.Locomotion.SourceGen.csproj", "{3D87081B-EE8D-4424-BF16-C1170CE3780D}"
EndProject
Project("{FAE04EC0-301F-11D3-BF4B-00C04F79EFBC}") = "Wayn.Games.Locomotion.SourceGen.Sample", "Wayn.Games.Locomotion.SourceGen\Wayn.Games.Locomotion.SourceGen.Sample\Wayn.Games.Locomotion.SourceGen.Sample.csproj", "{084905E3-9C90-444A-A423-2E60DD749566}"
EndProject
Project("{FAE04EC0-301F-11D3-BF4B-00C04F79EFBC}") = "Wayn.Games.Locomotion.SourceGen.Tests", "Wayn.Games.Locomotion.SourceGen\Wayn.Games.Locomotion.SourceGen.Tests\Wayn.Games.Locomotion.SourceGen.Tests.csproj", "{1C56C5F5-23FD-4F97-A665-6CEEBD5510D9}"
EndProject
Global
	GlobalSection(SolutionConfigurationPlatforms) = preSolution
		Debug|Any CPU = Debug|Any CPU
		Release|Any CPU = Release|Any CPU
	EndGlobalSection
	GlobalSection(ProjectConfigurationPlatforms) = postSolution
		{3D87081B-EE8D-4424-BF16-C1170CE3780D}.Debug|Any CPU.ActiveCfg = Debug|Any CPU
		{3D87081B-EE8D-4424-BF16-C1170CE3780D}.Debug|Any CPU.Build.0 = Debug|Any CPU
		{3D87081B-EE8D-4424-BF16-C1170CE3780D}.Release|Any CPU.ActiveCfg = Release|Any CPU
		{3D87081B-EE8D-4424-BF16-C1170CE3780D}.Release|Any CPU.Build.0 = Release|Any CPU
		{084905E3-9C90-444A-A423-2E60DD749566}.Debug|Any CPU.ActiveCfg = Debug|Any CPU
		{084905E3-9C90-444A-A423-2E60DD749566}.Debug|Any CPU.Build.0 = Debug|Any CPU
		{084905E3-9C90-444A-A423-2E60DD749566}.Release|Any CPU.ActiveCfg = Release|Any CPU
		{084905E3-9C90-444A-A423-2E60DD749566}.Release|Any CPU.Build.0 = Release|Any CPU
		{1C56C5F5-23FD-4F97-A665-6CEEBD5510D9}.Debug|Any CPU.ActiveCfg = Debug|Any CPU
		{1C56C5F5-23FD-4F97-A665-6CEEBD5510D9}.Debug|Any CPU.Build.0 = Debug|Any CPU
		{1C56C5F5-23FD-4F97-A665-6CEEBD5510D9}.Release|Any CPU.ActiveCfg = Release|Any CPU
		{1C56C5F5-23FD-4F97-A665-6CEEBD5510D9}.Release|Any CPU.Build.0 = Release|Any CPU
	EndGlobalSection
EndGlobal
